
Microsoft Visual Studio Solution File, Format Version 12.00
# Visual Studio Version 17
VisualStudioVersion = 17.7.34024.191
MinimumVisualStudioVersion = 10.0.40219.1
Project("{FAE04EC0-301F-11D3-BF4B-00C04F79EFBC}") = "Single_Responsability", "Single_Responsability.csproj", "{039EA120-EFF6-4D8B-A7C5-73A81254436D}"
EndProject
Global
	GlobalSection(SolutionConfigurationPlatforms) = preSolution
		Debug|Any CPU = Debug|Any CPU
		Release|Any CPU = Release|Any CPU
	EndGlobalSection
	GlobalSection(ProjectConfigurationPlatforms) = postSolution
		{039EA120-EFF6-4D8B-A7C5-73A81254436D}.Debug|Any CPU.ActiveCfg = Debug|Any CPU
		{039EA120-EFF6-4D8B-A7C5-73A81254436D}.Debug|Any CPU.Build.0 = Debug|Any CPU
		{039EA120-EFF6-4D8B-A7C5-73A81254436D}.Release|Any CPU.ActiveCfg = Release|Any CPU
		{039EA120-EFF6-4D8B-A7C5-73A81254436D}.Release|Any CPU.Build.0 = Release|Any CPU
	EndGlobalSection
	GlobalSection(SolutionProperties) = preSolution
		HideSolutionNode = FALSE
	EndGlobalSection
	GlobalSection(ExtensibilityGlobals) = postSolution
		SolutionGuid = {E2F85C45-DC9C-4841-A32D-E26B14EECF8A}
	EndGlobalSection
EndGlobal
